PODS:
  - BTBalloon (0.1.1):
    - PureLayout (~> 2.0.6)
  - PureLayout (2.0.6)

DEPENDENCIES:
  - BTBalloon (from `../`)

EXTERNAL SOURCES:
  BTBalloon:
    :path: "../"

SPEC CHECKSUMS:
  BTBalloon: 928dd597406e72a1b24787940ca0bb600ae4b807
  PureLayout: f25f0bb904d5ccfe6e31da3cb869185259f02e0d

COCOAPODS: 0.37.2
