PODS:
  - BTBalloon (0.1.4)
  - PureLayout (3.0.2)

DEPENDENCIES:
  - BTBalloon (from `../`)
  - PureLayout (~> 3.0)

EXTERNAL SOURCES:
  BTBalloon:
    :path: "../"

SPEC CHECKSUMS:
  BTBalloon: f20b986926631d61d73ec533caa028fe1c1a9a35
  PureLayout: 4d550abe49a94f24c2808b9b95db9131685fe4cd

PODFILE CHECKSUM: d1a56e911e56241a26e8d3a887bb265de79957fb

COCOAPODS: 1.2.1
